// !$*UTF8*$!
{
	archiveVersion = 1;
	classes = {
	};
	objectVersion = 46;
	objects = {

/* Begin PBXBuildFile section */
		4C06F5FC1C668F9700667B93 /* AppDelegate.swift in Sources */ = {isa = PBXBuildFile; fileRef = 4C06F5FB1C668F9700667B93 /* AppDelegate.swift */; };
		4C06F5FE1C668F9700667B93 /* ViewController.swift in Sources */ = {isa = PBXBuildFile; fileRef = 4C06F5FD1C668F9700667B93 /* ViewController.swift */; };
		4C06F6011C668F9700667B93 /* Main.storyboard in Resources */ = {isa = PBXBuildFile; fileRef = 4C06F5FF1C668F9700667B93 /* Main.storyboard */; };
		4C06F6031C668F9700667B93 /* Assets.xcassets in Resources */ = {isa = PBXBuildFile; fileRef = 4C06F6021C668F9700667B93 /* Assets.xcassets */; };
		4C06F6061C668F9700667B93 /* LaunchScreen.storyboard in Resources */ = {isa = PBXBuildFile; fileRef = 4C06F6041C668F9700667B93 /* LaunchScreen.storyboard */; };
		4C06F6111C668F9700667B93 /* EmoBandTests.swift in Sources */ = {isa = PBXBuildFile; fileRef = 4C06F6101C668F9700667B93 /* EmoBandTests.swift */; };
		4C06F61C1C668F9700667B93 /* EmoBandUITests.swift in Sources */ = {isa = PBXBuildFile; fileRef = 4C06F61B1C668F9700667B93 /* EmoBandUITests.swift */; };
		4C06F6341C6697F900667B93 /* MicrosoftBandKit_iOS.framework in Frameworks */ = {isa = PBXBuildFile; fileRef = 4C06F6331C6697F900667B93 /* MicrosoftBandKit_iOS.framework */; };
/* End PBXBuildFile section */

/* Begin PBXContainerItemProxy section */
		4C06F60D1C668F9700667B93 /* PBXContainerItemProxy */ = {
			isa = PBXContainerItemProxy;
			containerPortal = 4C06F5F01C668F9700667B93 /* Project object */;
			proxyType = 1;
			remoteGlobalIDString = 4C06F5F71C668F9700667B93;
			remoteInfo = EmoBand;
		};
		4C06F6181C668F9700667B93 /* PBXContainerItemProxy */ = {
			isa = PBXContainerItemProxy;
			containerPortal = 4C06F5F01C668F9700667B93 /* Project object */;
			proxyType = 1;
			remoteGlobalIDString = 4C06F5F71C668F9700667B93;
			remoteInfo = EmoBand;
		};
/* End PBXContainerItemProxy section */

/* Begin PBXFileReference section */
		4C06F5F81C668F9700667B93 /* EmoBand.app */ = {isa = PBXFileReference; explicitFileType = wrapper.application; includeInIndex = 0; path = EmoBand.app; sourceTree = BUILT_PRODUCTS_DIR; };
		4C06F5FB1C668F9700667B93 /* AppDelegate.swift */ = {isa = PBXFileReference; lastKnownFileType = sourcecode.swift; path = AppDelegate.swift; sourceTree = "<group>"; };
		4C06F5FD1C668F9700667B93 /* ViewController.swift */ = {isa = PBXFileReference; lastKnownFileType = sourcecode.swift; path = ViewController.swift; sourceTree = "<group>"; };
		4C06F6001C668F9700667B93 /* Base */ = {isa = PBXFileReference; lastKnownFileType = file.storyboard; name = Base; path = Base.lproj/Main.storyboard; sourceTree = "<group>"; };
		4C06F6021C668F9700667B93 /* Assets.xcassets */ = {isa = PBXFileReference; lastKnownFileType = folder.assetcatalog; path = Assets.xcassets; sourceTree = "<group>"; };
		4C06F6051C668F9700667B93 /* Base */ = {isa = PBXFileReference; lastKnownFileType = file.storyboard; name = Base; path = Base.lproj/LaunchScreen.storyboard; sourceTree = "<group>"; };
		4C06F6071C668F9700667B93 /* Info.plist */ = {isa = PBXFileReference; lastKnownFileType = text.plist.xml; path = Info.plist; sourceTree = "<group>"; };
		4C06F60C1C668F9700667B93 /* EmoBandTests.xctest */ = {isa = PBXFileReference; explicitFileType = wrapper.cfbundle; includeInIndex = 0; path = EmoBandTests.xctest; sourceTree = BUILT_PRODUCTS_DIR; };
		4C06F6101C668F9700667B93 /* EmoBandTests.swift */ = {isa = PBXFileReference; lastKnownFileType = sourcecode.swift; path = EmoBandTests.swift; sourceTree = "<group>"; };
		4C06F6121C668F9700667B93 /* Info.plist */ = {isa = PBXFileReference; lastKnownFileType = text.plist.xml; path = Info.plist; sourceTree = "<group>"; };
		4C06F6171C668F9700667B93 /* EmoBandUITests.xctest */ = {isa = PBXFileReference; explicitFileType = wrapper.cfbundle; includeInIndex = 0; path = EmoBandUITests.xctest; sourceTree = BUILT_PRODUCTS_DIR; };
		4C06F61B1C668F9700667B93 /* EmoBandUITests.swift */ = {isa = PBXFileReference; lastKnownFileType = sourcecode.swift; path = EmoBandUITests.swift; sourceTree = "<group>"; };
		4C06F61D1C668F9700667B93 /* Info.plist */ = {isa = PBXFileReference; lastKnownFileType = text.plist.xml; path = Info.plist; sourceTree = "<group>"; };
		4C06F62E1C6691D400667B93 /* EmoBand-Bridging-Header.h */ = {isa = PBXFileReference; lastKnownFileType = sourcecode.c.h; path = "EmoBand-Bridging-Header.h"; sourceTree = "<group>"; };
		4C06F6331C6697F900667B93 /* MicrosoftBandKit_iOS.framework */ = {isa = PBXFileReference; lastKnownFileType = wrapper.framework; path = MicrosoftBandKit_iOS.framework; sourceTree = "<group>"; };
/* End PBXFileReference section */

/* Begin PBXFrameworksBuildPhase section */
		4C06F5F51C668F9700667B93 /* Frameworks */ = {
			isa = PBXFrameworksBuildPhase;
			buildActionMask = 2147483647;
			files = (
				4C06F6341C6697F900667B93 /* MicrosoftBandKit_iOS.framework in Frameworks */,
			);
			runOnlyForDeploymentPostprocessing = 0;
		};
		4C06F6091C668F9700667B93 /* Frameworks */ = {
			isa = PBXFrameworksBuildPhase;
			buildActionMask = 2147483647;
			files = (
			);
			runOnlyForDeploymentPostprocessing = 0;
		};
		4C06F6141C668F9700667B93 /* Frameworks */ = {
			isa = PBXFrameworksBuildPhase;
			buildActionMask = 2147483647;
			files = (
			);
			runOnlyForDeploymentPostprocessing = 0;
		};
/* End PBXFrameworksBuildPhase section */

/* Begin PBXGroup section */
		4C06F5EF1C668F9700667B93 = {
			isa = PBXGroup;
			children = (
				4C06F5FA1C668F9700667B93 /* EmoBand */,
				4C06F60F1C668F9700667B93 /* EmoBandTests */,
				4C06F61A1C668F9700667B93 /* EmoBandUITests */,
				4C06F5F91C668F9700667B93 /* Products */,
			);
			sourceTree = "<group>";
		};
		4C06F5F91C668F9700667B93 /* Products */ = {
			isa = PBXGroup;
			children = (
				4C06F5F81C668F9700667B93 /* EmoBand.app */,
				4C06F60C1C668F9700667B93 /* EmoBandTests.xctest */,
				4C06F6171C668F9700667B93 /* EmoBandUITests.xctest */,
			);
			name = Products;
			sourceTree = "<group>";
		};
		4C06F5FA1C668F9700667B93 /* EmoBand */ = {
			isa = PBXGroup;
			children = (
				4C06F6331C6697F900667B93 /* MicrosoftBandKit_iOS.framework */,
				4C06F62B1C66902800667B93 /* Font */,
				4C06F62A1C66902100667B93 /* Swift */,
				4C06F6291C66901B00667B93 /* Storyboard */,
				4C06F6021C668F9700667B93 /* Assets.xcassets */,
				4C06F6071C668F9700667B93 /* Info.plist */,
			);
			path = EmoBand;
			sourceTree = "<group>";
		};
		4C06F60F1C668F9700667B93 /* EmoBandTests */ = {
			isa = PBXGroup;
			children = (
				4C06F6101C668F9700667B93 /* EmoBandTests.swift */,
				4C06F6121C668F9700667B93 /* Info.plist */,
			);
			path = EmoBandTests;
			sourceTree = "<group>";
		};
		4C06F61A1C668F9700667B93 /* EmoBandUITests */ = {
			isa = PBXGroup;
			children = (
				4C06F61B1C668F9700667B93 /* EmoBandUITests.swift */,
				4C06F61D1C668F9700667B93 /* Info.plist */,
			);
			path = EmoBandUITests;
			sourceTree = "<group>";
		};
		4C06F6291C66901B00667B93 /* Storyboard */ = {
			isa = PBXGroup;
			children = (
				4C06F5FF1C668F9700667B93 /* Main.storyboard */,
				4C06F6041C668F9700667B93 /* LaunchScreen.storyboard */,
			);
			name = Storyboard;
			sourceTree = "<group>";
		};
		4C06F62A1C66902100667B93 /* Swift */ = {
			isa = PBXGroup;
			children = (
				4C06F5FD1C668F9700667B93 /* ViewController.swift */,
				4C06F5FB1C668F9700667B93 /* AppDelegate.swift */,
				4C06F62E1C6691D400667B93 /* EmoBand-Bridging-Header.h */,
			);
			name = Swift;
			sourceTree = "<group>";
		};
		4C06F62B1C66902800667B93 /* Font */ = {
			isa = PBXGroup;
			children = (
			);
			name = Font;
			sourceTree = "<group>";
		};
/* End PBXGroup section */

/* Begin PBXNativeTarget section */
		4C06F5F71C668F9700667B93 /* EmoBand */ = {
			isa = PBXNativeTarget;
			buildConfigurationList = 4C06F6201C668F9700667B93 /* Build configuration list for PBXNativeTarget "EmoBand" */;
			buildPhases = (
				4C06F5F41C668F9700667B93 /* Sources */,
				4C06F5F51C668F9700667B93 /* Frameworks */,
				4C06F5F61C668F9700667B93 /* Resources */,
			);
			buildRules = (
			);
			dependencies = (
			);
			name = EmoBand;
			productName = EmoBand;
			productReference = 4C06F5F81C668F9700667B93 /* EmoBand.app */;
			productType = "com.apple.product-type.application";
		};
		4C06F60B1C668F9700667B93 /* EmoBandTests */ = {
			isa = PBXNativeTarget;
			buildConfigurationList = 4C06F6231C668F9700667B93 /* Build configuration list for PBXNativeTarget "EmoBandTests" */;
			buildPhases = (
				4C06F6081C668F9700667B93 /* Sources */,
				4C06F6091C668F9700667B93 /* Frameworks */,
				4C06F60A1C668F9700667B93 /* Resources */,
			);
			buildRules = (
			);
			dependencies = (
				4C06F60E1C668F9700667B93 /* PBXTargetDependency */,
			);
			name = EmoBandTests;
			productName = EmoBandTests;
			productReference = 4C06F60C1C668F9700667B93 /* EmoBandTests.xctest */;
			productType = "com.apple.product-type.bundle.unit-test";
		};
		4C06F6161C668F9700667B93 /* EmoBandUITests */ = {
			isa = PBXNativeTarget;
			buildConfigurationList = 4C06F6261C668F9700667B93 /* Build configuration list for PBXNativeTarget "EmoBandUITests" */;
			buildPhases = (
				4C06F6131C668F9700667B93 /* Sources */,
				4C06F6141C668F9700667B93 /* Frameworks */,
				4C06F6151C668F9700667B93 /* Resources */,
			);
			buildRules = (
			);
			dependencies = (
				4C06F6191C668F9700667B93 /* PBXTargetDependency */,
			);
			name = EmoBandUITests;
			productName = EmoBandUITests;
			productReference = 4C06F6171C668F9700667B93 /* EmoBandUITests.xctest */;
			productType = "com.apple.product-type.bundle.ui-testing";
		};
/* End PBXNativeTarget section */

/* Begin PBXProject section */
		4C06F5F01C668F9700667B93 /* Project object */ = {
			isa = PBXProject;
			attributes = {
				LastSwiftUpdateCheck = 0720;
				LastUpgradeCheck = 0720;
				ORGANIZATIONNAME = "Jessica Joseph";
				TargetAttributes = {
					4C06F5F71C668F9700667B93 = {
						CreatedOnToolsVersion = 7.2;
						DevelopmentTeam = NFD5C5B8X2;
						SystemCapabilities = {
							com.apple.BackgroundModes = {
								enabled = 1;
							};
						};
					};
					4C06F60B1C668F9700667B93 = {
						CreatedOnToolsVersion = 7.2;
						DevelopmentTeam = NFD5C5B8X2;
						TestTargetID = 4C06F5F71C668F9700667B93;
					};
					4C06F6161C668F9700667B93 = {
						CreatedOnToolsVersion = 7.2;
						DevelopmentTeam = NFD5C5B8X2;
						TestTargetID = 4C06F5F71C668F9700667B93;
					};
				};
			};
			buildConfigurationList = 4C06F5F31C668F9700667B93 /* Build configuration list for PBXProject "EmoBand" */;
			compatibilityVersion = "Xcode 3.2";
			developmentRegion = English;
			hasScannedForEncodings = 0;
			knownRegions = (
				en,
				Base,
			);
			mainGroup = 4C06F5EF1C668F9700667B93;
			productRefGroup = 4C06F5F91C668F9700667B93 /* Products */;
			projectDirPath = "";
			projectRoot = "";
			targets = (
				4C06F5F71C668F9700667B93 /* EmoBand */,
				4C06F60B1C668F9700667B93 /* EmoBandTests */,
				4C06F6161C668F9700667B93 /* EmoBandUITests */,
			);
		};
/* End PBXProject section */

/* Begin PBXResourcesBuildPhase section */
		4C06F5F61C668F9700667B93 /* Resources */ = {
			isa = PBXResourcesBuildPhase;
			buildActionMask = 2147483647;
			files = (
				4C06F6061C668F9700667B93 /* LaunchScreen.storyboard in Resources */,
				4C06F6031C668F9700667B93 /* Assets.xcassets in Resources */,
				4C06F6011C668F9700667B93 /* Main.storyboard in Resources */,
			);
			runOnlyForDeploymentPostprocessing = 0;
		};
		4C06F60A1C668F9700667B93 /* Resources */ = {
			isa = PBXResourcesBuildPhase;
			buildActionMask = 2147483647;
			files = (
			);
			runOnlyForDeploymentPostprocessing = 0;
		};
		4C06F6151C668F9700667B93 /* Resources */ = {
			isa = PBXResourcesBuildPhase;
			buildActionMask = 2147483647;
			files = (
			);
			runOnlyForDeploymentPostprocessing = 0;
		};
/* End PBXResourcesBuildPhase section */

/* Begin PBXSourcesBuildPhase section */
		4C06F5F41C668F9700667B93 /* Sources */ = {
			isa = PBXSourcesBuildPhase;
			buildActionMask = 2147483647;
			files = (
				4C06F5FE1C668F9700667B93 /* ViewController.swift in Sources */,
				4C06F5FC1C668F9700667B93 /* AppDelegate.swift in Sources */,
			);
			runOnlyForDeploymentPostprocessing = 0;
		};
		4C06F6081C668F9700667B93 /* Sources */ = {
			isa = PBXSourcesBuildPhase;
			buildActionMask = 2147483647;
			files = (
				4C06F6111C668F9700667B93 /* EmoBandTests.swift in Sources */,
			);
			runOnlyForDeploymentPostprocessing = 0;
		};
		4C06F6131C668F9700667B93 /* Sources */ = {
			isa = PBXSourcesBuildPhase;
			buildActionMask = 2147483647;
			files = (
				4C06F61C1C668F9700667B93 /* EmoBandUITests.swift in Sources */,
			);
			runOnlyForDeploymentPostprocessing = 0;
		};
/* End PBXSourcesBuildPhase section */

/* Begin PBXTargetDependency section */
		4C06F60E1C668F9700667B93 /* PBXTargetDependency */ = {
			isa = PBXTargetDependency;
			target = 4C06F5F71C668F9700667B93 /* EmoBand */;
			targetProxy = 4C06F60D1C668F9700667B93 /* PBXContainerItemProxy */;
		};
		4C06F6191C668F9700667B93 /* PBXTargetDependency */ = {
			isa = PBXTargetDependency;
			target = 4C06F5F71C668F9700667B93 /* EmoBand */;
			targetProxy = 4C06F6181C668F9700667B93 /* PBXContainerItemProxy */;
		};
/* End PBXTargetDependency section */

/* Begin PBXVariantGroup section */
		4C06F5FF1C668F9700667B93 /* Main.storyboard */ = {
			isa = PBXVariantGroup;
			children = (
				4C06F6001C668F9700667B93 /* Base */,
			);
			name = Main.storyboard;
			sourceTree = "<group>";
		};
		4C06F6041C668F9700667B93 /* LaunchScreen.storyboard */ = {
			isa = PBXVariantGroup;
			children = (
				4C06F6051C668F9700667B93 /* Base */,
			);
			name = LaunchScreen.storyboard;
			sourceTree = "<group>";
		};
/* End PBXVariantGroup section */

/* Begin XCBuildConfiguration section */
		4C06F61E1C668F9700667B93 /* Debug */ = {
			isa = XCBuildConfiguration;
			buildSettings = {
				ALWAYS_SEARCH_USER_PATHS = NO;
				CLANG_CXX_LANGUAGE_STANDARD = "gnu++0x";
				CLANG_CXX_LIBRARY = "libc++";
				CLANG_ENABLE_MODULES = YES;
				CLANG_ENABLE_OBJC_ARC = YES;
				CLANG_WARN_BOOL_CONVERSION = YES;
				CLANG_WARN_CONSTANT_CONVERSION = YES;
				CLANG_WARN_DIRECT_OBJC_ISA_USAGE = YES_ERROR;
				CLANG_WARN_EMPTY_BODY = YES;
				CLANG_WARN_ENUM_CONVERSION = YES;
				CLANG_WARN_INT_CONVERSION = YES;
				CLANG_WARN_OBJC_ROOT_CLASS = YES_ERROR;
				CLANG_WARN_UNREACHABLE_CODE = YES;
				CLANG_WARN__DUPLICATE_METHOD_MATCH = YES;
				"CODE_SIGN_IDENTITY[sdk=iphoneos*]" = "iPhone Developer";
				COPY_PHASE_STRIP = NO;
				DEBUG_INFORMATION_FORMAT = dwarf;
				ENABLE_STRICT_OBJC_MSGSEND = YES;
				ENABLE_TESTABILITY = YES;
				GCC_C_LANGUAGE_STANDARD = gnu99;
				GCC_DYNAMIC_NO_PIC = NO;
				GCC_NO_COMMON_BLOCKS = YES;
				GCC_OPTIMIZATION_LEVEL = 0;
				GCC_PREPROCESSOR_DEFINITIONS = (
					"DEBUG=1",
					"$(inherited)",
				);
				GCC_WARN_64_TO_32_BIT_CONVERSION = YES;
				GCC_WARN_ABOUT_RETURN_TYPE = YES_ERROR;
				GCC_WARN_UNDECLARED_SELECTOR = YES;
				GCC_WARN_UNINITIALIZED_AUTOS = YES_AGGRESSIVE;
				GCC_WARN_UNUSED_FUNCTION = YES;
				GCC_WARN_UNUSED_VARIABLE = YES;
				IPHONEOS_DEPLOYMENT_TARGET = 9.2;
				MTL_ENABLE_DEBUG_INFO = YES;
				ONLY_ACTIVE_ARCH = YES;
				SDKROOT = iphoneos;
				SWIFT_OPTIMIZATION_LEVEL = "-Onone";
			};
			name = Debug;
		};
		4C06F61F1C668F9700667B93 /* Release */ = {
			isa = XCBuildConfiguration;
			buildSettings = {
				ALWAYS_SEARCH_USER_PATHS = NO;
				CLANG_CXX_LANGUAGE_STANDARD = "gnu++0x";
				CLANG_CXX_LIBRARY = "libc++";
				CLANG_ENABLE_MODULES = YES;
				CLANG_ENABLE_OBJC_ARC = YES;
				CLANG_WARN_BOOL_CONVERSION = YES;
				CLANG_WARN_CONSTANT_CONVERSION = YES;
				CLANG_WARN_DIRECT_OBJC_ISA_USAGE = YES_ERROR;
				CLANG_WARN_EMPTY_BODY = YES;
				CLANG_WARN_ENUM_CONVERSION = YES;
				CLANG_WARN_INT_CONVERSION = YES;
				CLANG_WARN_OBJC_ROOT_CLASS = YES_ERROR;
				CLANG_WARN_UNREACHABLE_CODE = YES;
				CLANG_WARN__DUPLICATE_METHOD_MATCH = YES;
				"CODE_SIGN_IDENTITY[sdk=iphoneos*]" = "iPhone Developer";
				COPY_PHASE_STRIP = NO;
				DEBUG_INFORMATION_FORMAT = "dwarf-with-dsym";
				ENABLE_NS_ASSERTIONS = NO;
				ENABLE_STRICT_OBJC_MSGSEND = YES;
				GCC_C_LANGUAGE_STANDARD = gnu99;
				GCC_NO_COMMON_BLOCKS = YES;
				GCC_WARN_64_TO_32_BIT_CONVERSION = YES;
				GCC_WARN_ABOUT_RETURN_TYPE = YES_ERROR;
				GCC_WARN_UNDECLARED_SELECTOR = YES;
				GCC_WARN_UNINITIALIZED_AUTOS = YES_AGGRESSIVE;
				GCC_WARN_UNUSED_FUNCTION = YES;
				GCC_WARN_UNUSED_VARIABLE = YES;
				IPHONEOS_DEPLOYMENT_TARGET = 9.2;
				MTL_ENABLE_DEBUG_INFO = NO;
				SDKROOT = iphoneos;
				VALIDATE_PRODUCT = YES;
			};
			name = Release;
		};
		4C06F6211C668F9700667B93 /* Debug */ = {
			isa = XCBuildConfiguration;
			buildSettings = {
				ASSETCATALOG_COMPILER_APPICON_NAME = AppIcon;
				CLANG_ENABLE_MODULES = YES;
				FRAMEWORK_SEARCH_PATHS = (
					"$(inherited)",
					"$(PROJECT_DIR)/EmoBand",
				);
				INFOPLIST_FILE = EmoBand/Info.plist;
				LD_RUNPATH_SEARCH_PATHS = "$(inherited) @executable_path/Frameworks";
				PRODUCT_BUNDLE_IDENTIFIER = co.jessicajoseph.EmoBand;
				PRODUCT_NAME = "$(TARGET_NAME)";
				SWIFT_OBJC_BRIDGING_HEADER = "EmoBand/EmoBand-Bridging-Header.h";
				SWIFT_OPTIMIZATION_LEVEL = "-Onone";
			};
			name = Debug;
		};
		4C06F6221C668F9700667B93 /* Release */ = {
			isa = XCBuildConfiguration;
			buildSettings = {
				ASSETCATALOG_COMPILER_APPICON_NAME = AppIcon;
				CLANG_ENABLE_MODULES = YES;
				FRAMEWORK_SEARCH_PATHS = (
					"$(inherited)",
					"$(PROJECT_DIR)/EmoBand",
				);
				INFOPLIST_FILE = EmoBand/Info.plist;
				LD_RUNPATH_SEARCH_PATHS = "$(inherited) @executable_path/Frameworks";
				PRODUCT_BUNDLE_IDENTIFIER = co.jessicajoseph.EmoBand;
				PRODUCT_NAME = "$(TARGET_NAME)";
				SWIFT_OBJC_BRIDGING_HEADER = "EmoBand/EmoBand-Bridging-Header.h";
			};
			name = Release;
		};
		4C06F6241C668F9700667B93 /* Debug */ = {
			isa = XCBuildConfiguration;
			buildSettings = {
				BUNDLE_LOADER = "$(TEST_HOST)";
				INFOPLIST_FILE = EmoBandTests/Info.plist;
				LD_RUNPATH_SEARCH_PATHS = "$(inherited) @executable_path/Frameworks @loader_path/Frameworks";
				PRODUCT_BUNDLE_IDENTIFIER = co.jessicajoseph.EmoBandTests;
				PRODUCT_NAME = "$(TARGET_NAME)";
				TEST_HOST = "$(BUILT_PRODUCTS_DIR)/EmoBand.app/EmoBand";
			};
			name = Debug;
		};
		4C06F6251C668F9700667B93 /* Release */ = {
			isa = XCBuildConfiguration;
			buildSettings = {
				BUNDLE_LOADER = "$(TEST_HOST)";
				INFOPLIST_FILE = EmoBandTests/Info.plist;
				LD_RUNPATH_SEARCH_PATHS = "$(inherited) @executable_path/Frameworks @loader_path/Frameworks";
				PRODUCT_BUNDLE_IDENTIFIER = co.jessicajoseph.EmoBandTests;
				PRODUCT_NAME = "$(TARGET_NAME)";
				TEST_HOST = "$(BUILT_PRODUCTS_DIR)/EmoBand.app/EmoBand";
			};
			name = Release;
		};
		4C06F6271C668F9700667B93 /* Debug */ = {
			isa = XCBuildConfiguration;
			buildSettings = {
				INFOPLIST_FILE = EmoBandUITests/Info.plist;
				LD_RUNPATH_SEARCH_PATHS = "$(inherited) @executable_path/Frameworks @loader_path/Frameworks";
				PRODUCT_BUNDLE_IDENTIFIER = co.jessicajoseph.EmoBandUITests;
				PRODUCT_NAME = "$(TARGET_NAME)";
				TEST_TARGET_NAME = EmoBand;
				USES_XCTRUNNER = YES;
			};
			name = Debug;
		};
		4C06F6281C668F9700667B93 /* Release */ = {
			isa = XCBuildConfiguration;
			buildSettings = {
				INFOPLIST_FILE = EmoBandUITests/Info.plist;
				LD_RUNPATH_SEARCH_PATHS = "$(inherited) @executable_path/Frameworks @loader_path/Frameworks";
				PRODUCT_BUNDLE_IDENTIFIER = co.jessicajoseph.EmoBandUITests;
				PRODUCT_NAME = "$(TARGET_NAME)";
				TEST_TARGET_NAME = EmoBand;
				USES_XCTRUNNER = YES;
			};
			name = Release;
		};
/* End XCBuildConfiguration section */

/* Begin XCConfigurationList section */
		4C06F5F31C668F9700667B93 /* Build configuration list for PBXProject "EmoBand" */ = {
			isa = XCConfigurationList;
			buildConfigurations = (
				4C06F61E1C668F9700667B93 /* Debug */,
				4C06F61F1C668F9700667B93 /* Release */,
			);
			defaultConfigurationIsVisible = 0;
			defaultConfigurationName = Release;
		};
		4C06F6201C668F9700667B93 /* Build configuration list for PBXNativeTarget "EmoBand" */ = {
			isa = XCConfigurationList;
			buildConfigurations = (
				4C06F6211C668F9700667B93 /* Debug */,
				4C06F6221C668F9700667B93 /* Release */,
			);
			defaultConfigurationIsVisible = 0;
		};
		4C06F6231C668F9700667B93 /* Build configuration list for PBXNativeTarget "EmoBandTests" */ = {
			isa = XCConfigurationList;
			buildConfigurations = (
				4C06F6241C668F9700667B93 /* Debug */,
				4C06F6251C668F9700667B93 /* Release */,
			);
			defaultConfigurationIsVisible = 0;
		};
		4C06F6261C668F9700667B93 /* Build configuration list for PBXNativeTarget "EmoBandUITests" */ = {
			isa = XCConfigurationList;
			buildConfigurations = (
				4C06F6271C668F9700667B93 /* Debug */,
				4C06F6281C668F9700667B93 /* Release */,
			);
			defaultConfigurationIsVisible = 0;
		};
/* End XCConfigurationList section */
	};
	rootObject = 4C06F5F01C668F9700667B93 /* Project object */;
}
